{
  "name": "TeamTrack",
  "lockfileVersion": 3,
  "requires": true,
  "packages": {
    "": {
      "dependencies": {
        "@dicebear/collection": "^7.0.5",
        "@dicebear/core": "^7.0.5"
      }
    },
    "node_modules/@dicebear/adventurer": {
      "version": "7.0.5",
      "resolved": "https://registry.npmjs.org/@dicebear/adventurer/-/adventurer-7.0.5.tgz",
      "integrity": "sha512-SWWEF1DiAwuGQD5vMTAKBd39gG86Xr3mTz7tdLF/JXkQEumvvda+4dVgNZa6yIbGHKRyMJ8STyWV03qVtC5UGA==",
      "engines": {
        "node": ">=16.0.0"
      },
      "peerDependencies": {
        "@dicebear/core": "^7.0.0"
      }
    },
    "node_modules/@dicebear/adventurer-neutral": {
      "version": "7.0.5",
      "resolved": "https://registry.npmjs.org/@dicebear/adventurer-neutral/-/adventurer-neutral-7.0.5.tgz",
      "integrity": "sha512-C4IO6LnsZVbjo/rsb9z/OZ5YkY7R2b5vje/sV+eWNcAbPJtLq+cmXM3mlOQOZmasuK4sSQiP7n3afxMCi8wt7w==",
      "engines": {
        "node": ">=16.0.0"
      },
      "peerDependencies": {
        "@dicebear/core": "^7.0.0"
      }
    },
    "node_modules/@dicebear/avataaars": {
      "version": "7.0.5",
      "resolved": "https://registry.npmjs.org/@dicebear/avataaars/-/avataaars-7.0.5.tgz",
      "integrity": "sha512-qgX6KvodL/v4unIxIFF2iPdzUvhzTtQIBi0RqBjMicSsGe6Nc4neQV1OnlPoLQRD70X7MYi2VMY5Tlz6nEygzw==",
      "engines": {
        "node": ">=16.0.0"
      },
      "peerDependencies": {
        "@dicebear/core": "^7.0.0"
      }
    },
    "node_modules/@dicebear/avataaars-neutral": {
      "version": "7.0.5",
      "resolved": "https://registry.npmjs.org/@dicebear/avataaars-neutral/-/avataaars-neutral-7.0.5.tgz",
      "integrity": "sha512-5qKgm0lThcyp1XY6wGRw1naQQ0geg0kgfu27+kSwisrFAk0xIqAZgHTu4XFmbmpoPognsBKzCxwa5EiK0bSw3w==",
      "engines": {
        "node": ">=16.0.0"
      },
      "peerDependencies": {
        "@dicebear/core": "^7.0.0"
      }
    },
    "node_modules/@dicebear/big-ears": {
      "version": "7.0.5",
      "resolved": "https://registry.npmjs.org/@dicebear/big-ears/-/big-ears-7.0.5.tgz",
      "integrity": "sha512-Ia9cEnLZdM975ThdgJxj3zyZqLWlU5bT4ymE1qPazNw2/t2ZOIpHLfyuaDPWUU29KP1fleJOELcMdoFYlKIyvw==",
      "engines": {
        "node": ">=16.0.0"
      },
      "peerDependencies": {
        "@dicebear/core": "^7.0.0"
      }
    },
    "node_modules/@dicebear/big-ears-neutral": {
      "version": "7.0.5",
      "resolved": "https://registry.npmjs.org/@dicebear/big-ears-neutral/-/big-ears-neutral-7.0.5.tgz",
      "integrity": "sha512-jD4kw416+HiHy/NzNw+nInlvXrai5yOwOPAZRMS2U547Nby0vtzD/zJG/jkpxP0o5d8ARHWqre5oUDhp7+XbSg==",
      "engines": {
        "node": ">=16.0.0"
      },
      "peerDependencies": {
        "@dicebear/core": "^7.0.0"
      }
    },
    "node_modules/@dicebear/big-smile": {
      "version": "7.0.5",
      "resolved": "https://registry.npmjs.org/@dicebear/big-smile/-/big-smile-7.0.5.tgz",
      "integrity": "sha512-6WmBmTeKrJv7ULfojWqC8FoQJvc2LCVFgrguzzIOMQaPsFzX0cGnp72nDzzXAD+Zl9wpatdhN99vaJXjTR/mKg==",
      "engines": {
        "node": ">=16.0.0"
      },
      "peerDependencies": {
        "@dicebear/core": "^7.0.0"
      }
    },
    "node_modules/@dicebear/bottts": {
      "version": "7.0.5",
      "resolved": "https://registry.npmjs.org/@dicebear/bottts/-/bottts-7.0.5.tgz",
      "integrity": "sha512-NcaJicjEnktRVzE5pWOvHMLOrb5zEtMoYBn5pAWvxqDi4EMJW4Oe5MGxAcTppQrJGKE0B5Tv7Gdfh4IJSyrXPg==",
      "engines": {
        "node": ">=16.0.0"
      },
      "peerDependencies": {
        "@dicebear/core": "^7.0.0"
      }
    },
    "node_modules/@dicebear/bottts-neutral": {
      "version": "7.0.5",
      "resolved": "https://registry.npmjs.org/@dicebear/bottts-neutral/-/bottts-neutral-7.0.5.tgz",
      "integrity": "sha512-h0cGxJc1bKCe5cn5n+mgfWBAVzDgeAVur2oHjiE9ZySoa1yQ91WnBCEAW4pVIgSCTZt/M/Kvd99aTpdWva9EKQ==",
      "engines": {
        "node": ">=16.0.0"
      },
      "peerDependencies": {
        "@dicebear/core": "^7.0.0"
      }
    },
    "node_modules/@dicebear/collection": {
      "version": "7.0.5",
      "resolved": "https://registry.npmjs.org/@dicebear/collection/-/collection-7.0.5.tgz",
      "integrity": "sha512-1I73wyn+pqeMlOxbPKHqMzAnmeQh+xrunaqNiKvw9HMOFohtKf3rfDw+6UykDA2Dhuzg1em0MWmkk/GEQwlnVA==",
      "dependencies": {
        "@dicebear/adventurer": "7.0.5",
        "@dicebear/adventurer-neutral": "7.0.5",
        "@dicebear/avataaars": "7.0.5",
        "@dicebear/avataaars-neutral": "7.0.5",
        "@dicebear/big-ears": "7.0.5",
        "@dicebear/big-ears-neutral": "7.0.5",
        "@dicebear/big-smile": "7.0.5",
        "@dicebear/bottts": "7.0.5",
        "@dicebear/bottts-neutral": "7.0.5",
        "@dicebear/croodles": "7.0.5",
        "@dicebear/croodles-neutral": "7.0.5",
        "@dicebear/fun-emoji": "7.0.5",
        "@dicebear/icons": "7.0.5",
        "@dicebear/identicon": "7.0.5",
        "@dicebear/initials": "7.0.5",
        "@dicebear/lorelei": "7.0.5",
        "@dicebear/lorelei-neutral": "7.0.5",
        "@dicebear/micah": "7.0.5",
        "@dicebear/miniavs": "7.0.5",
        "@dicebear/notionists": "7.0.5",
        "@dicebear/notionists-neutral": "7.0.5",
        "@dicebear/open-peeps": "7.0.5",
        "@dicebear/personas": "7.0.5",
        "@dicebear/pixel-art": "7.0.5",
        "@dicebear/pixel-art-neutral": "7.0.5",
        "@dicebear/rings": "7.0.5",
        "@dicebear/shapes": "7.0.5",
        "@dicebear/thumbs": "7.0.5"
      },
      "engines": {
        "node": ">=16.0.0"
      },
      "peerDependencies": {
        "@dicebear/core": "^7.0.0"
      }
    },
    "node_modules/@dicebear/converter": {
      "version": "7.0.5",
      "resolved": "https://registry.npmjs.org/@dicebear/converter/-/converter-7.0.5.tgz",
      "integrity": "sha512-YBmcRWqw0QZhuxJHOlk6o1LgP89Qjmk+PaUKfZC8Wt6zM5ERJyIg8ENupKcDkAKe53I3DxLjxQUaeKY0LFALOQ==",
      "dependencies": {
        "@types/json-schema": "^7.0.11",
        "tmp-promise": "^3.0.3"
      },
      "engines": {
        "node": ">=16.0.0"
      },
      "peerDependencies": {
        "@resvg/resvg-js": "^2.4.1",
        "exiftool-vendored": "^23.0.0",
        "sharp": "^0.32.6"
      },
      "peerDependenciesMeta": {
        "@resvg/resvg-js": {
          "optional": true
        },
        "exiftool-vendored": {
          "optional": true
        },
        "sharp": {
          "optional": true
        }
      }
    },
    "node_modules/@dicebear/core": {
      "version": "7.0.5",
      "resolved": "https://registry.npmjs.org/@dicebear/core/-/core-7.0.5.tgz",
      "integrity": "sha512-fK04m5tWwCoS1KW001NEU/GFOAV1zZEcTyy/SRsHhRSR6vlBan9Ab2m/r6VPwWrZa4Az+bycN4vRwTCd5C7Czw==",
      "dependencies": {
        "@dicebear/converter": "7.0.5",
        "@types/json-schema": "^7.0.11"
      },
      "engines": {
        "node": ">=16.0.0"
      }
    },
    "node_modules/@dicebear/croodles": {
      "version": "7.0.5",
      "resolved": "https://registry.npmjs.org/@dicebear/croodles/-/croodles-7.0.5.tgz",
      "integrity": "sha512-pIsYOZem9cT6QX8gZgJKKMGXTh9f7BSKxP8sIHMk9LdOKmFr4V+9XhhsqHi9m1xc9T/VPmH04c6kSfmxgfsrNg==",
      "engines": {
        "node": ">=16.0.0"
      },
      "peerDependencies": {
        "@dicebear/core": "^7.0.0"
      }
    },
    "node_modules/@dicebear/croodles-neutral": {
      "version": "7.0.5",
      "resolved": "https://registry.npmjs.org/@dicebear/croodles-neutral/-/croodles-neutral-7.0.5.tgz",
      "integrity": "sha512-QVrXuWhw+zLbt5yi6+dRL7tNcZPiyMEg1GNihCUB2YFqrmbUo+pohzYUffYlTxoIoR3/FNoBFJmwpuZr+dB1Gw==",
      "engines": {
        "node": ">=16.0.0"
      },
      "peerDependencies": {
        "@dicebear/core": "^7.0.0"
      }
    },
    "node_modules/@dicebear/fun-emoji": {
      "version": "7.0.5",
      "resolved": "https://registry.npmjs.org/@dicebear/fun-emoji/-/fun-emoji-7.0.5.tgz",
      "integrity": "sha512-UJSF0xpvYZj853L70NPkKCO8Uavm8jczR4jGxzHb8xsfY6nq25gYsBXU4L9YvuScMQdTmm5AOB8hl7cyDsKD6A==",
      "engines": {
        "node": ">=16.0.0"
      },
      "peerDependencies": {
        "@dicebear/core": "^7.0.0"
      }
    },
    "node_modules/@dicebear/icons": {
      "version": "7.0.5",
      "resolved": "https://registry.npmjs.org/@dicebear/icons/-/icons-7.0.5.tgz",
      "integrity": "sha512-leJeANbD05aMYXmqYmRwtiu8/2ecWnu05tYUGYS7xxRtQKv7EHe3UfVqkseONHwVq91d4s7y8+bb8YzEsbLLQw==",
      "engines": {
        "node": ">=16.0.0"
      },
      "peerDependencies": {
        "@dicebear/core": "^7.0.0"
      }
    },
    "node_modules/@dicebear/identicon": {
      "version": "7.0.5",
      "resolved": "https://registry.npmjs.org/@dicebear/identicon/-/identicon-7.0.5.tgz",
      "integrity": "sha512-bNvsMUWMXkKQDei2/A2ol5/xiQTILIut5rc6o4+KHa0s3PzV1IzWG5QEnK8Te97nukOsgS1aCXEs6e3DFziK+g==",
      "engines": {
        "node": ">=16.0.0"
      },
      "peerDependencies": {
        "@dicebear/core": "^7.0.0"
      }
    },
    "node_modules/@dicebear/initials": {
      "version": "7.0.5",
      "resolved": "https://registry.npmjs.org/@dicebear/initials/-/initials-7.0.5.tgz",
      "integrity": "sha512-iPkgzIzPWKp0y1Boed7R3O2Zn9x2KFDMiC2bdrEtufnPTm6X4iIEataQi2QE9pFFdEJSFXkX4zvQI2/mWGoKXw==",
      "engines": {
        "node": ">=16.0.0"
      },
      "peerDependencies": {
        "@dicebear/core": "^7.0.0"
      }
    },
    "node_modules/@dicebear/lorelei": {
      "version": "7.0.5",
      "resolved": "https://registry.npmjs.org/@dicebear/lorelei/-/lorelei-7.0.5.tgz",
      "integrity": "sha512-Tkr2BV8OvrTUGpC8vES5OE2XduGkrrBe4FvTmDta0PWx1PiywPGZQw9PguU+H9PeN6Ny9+BBURrAc0a1uI2Hiw==",
      "engines": {
        "node": ">=16.0.0"
      },
      "peerDependencies": {
        "@dicebear/core": "^7.0.0"
      }
    },
    "node_modules/@dicebear/lorelei-neutral": {
      "version": "7.0.5",
      "resolved": "https://registry.npmjs.org/@dicebear/lorelei-neutral/-/lorelei-neutral-7.0.5.tgz",
      "integrity": "sha512-/Imx4uIsovOzRO+ngRCFJ4kAdRNaU5EZF5JZX6RjfhREzvAnFlkePaCBEU55/jFp9suEh1viHCYA70KxpO2XVw==",
      "engines": {
        "node": ">=16.0.0"
      },
      "peerDependencies": {
        "@dicebear/core": "^7.0.0"
      }
    },
    "node_modules/@dicebear/micah": {
      "version": "7.0.5",
      "resolved": "https://registry.npmjs.org/@dicebear/micah/-/micah-7.0.5.tgz",
      "integrity": "sha512-giiVyDNlzR7SwtK2Ibdz7E05syu35p6QZnwG2NMj1wBj1pCxV4up0vY5+gqr+7RY+qKGhwIbrMmF7r/bfru+aA==",
      "engines": {
        "node": ">=16.0.0"
      },
      "peerDependencies": {
        "@dicebear/core": "^7.0.0"
      }
    },
    "node_modules/@dicebear/miniavs": {
      "version": "7.0.5",
      "resolved": "https://registry.npmjs.org/@dicebear/miniavs/-/miniavs-7.0.5.tgz",
      "integrity": "sha512-w9ZG2ZKnu/oDZahyLL01UhDPuHGQc9JHRSMy80miN/ES3bVjsskqF8488b9yMXa4gvB7X+573oSHVUzZvcb2ug==",
      "engines": {
        "node": ">=16.0.0"
      },
      "peerDependencies": {
        "@dicebear/core": "^7.0.0"
      }
    },
    "node_modules/@dicebear/notionists": {
      "version": "7.0.5",
      "resolved": "https://registry.npmjs.org/@dicebear/notionists/-/notionists-7.0.5.tgz",
      "integrity": "sha512-wvhtOtj5NmHUkLJV0idUjnERNtBV6o9iXvlzCpswnUFNsC0Cy9MBixJdawvdKHTJIP96ke/rWekNDK5W7FJgSA==",
      "engines": {
        "node": ">=16.0.0"
      },
      "peerDependencies": {
        "@dicebear/core": "^7.0.0"
      }
    },
    "node_modules/@dicebear/notionists-neutral": {
      "version": "7.0.5",
      "resolved": "https://registry.npmjs.org/@dicebear/notionists-neutral/-/notionists-neutral-7.0.5.tgz",
      "integrity": "sha512-JmwVfOM+oHM2gzAAMBx9ji2eNOpw9fE+ZhhrSfbfgnPFIOQk+TbNq9fesFMP/NB/i5ytQ5iyLG3CrsaYXNngSA==",
      "engines": {
        "node": ">=16.0.0"
      },
      "peerDependencies": {
        "@dicebear/core": "^7.0.0"
      }
    },
    "node_modules/@dicebear/open-peeps": {
      "version": "7.0.5",
      "resolved": "https://registry.npmjs.org/@dicebear/open-peeps/-/open-peeps-7.0.5.tgz",
      "integrity": "sha512-33atYS4t9sYbbhX4KTEFmReSgYeH7/EKnaqv0XHO0L5AgagXxR+rL7NduGiEHJldY2HEZebEhWunsSFozEBNhQ==",
      "engines": {
        "node": ">=16.0.0"
      },
      "peerDependencies": {
        "@dicebear/core": "^7.0.0"
      }
    },
    "node_modules/@dicebear/personas": {
      "version": "7.0.5",
      "resolved": "https://registry.npmjs.org/@dicebear/personas/-/personas-7.0.5.tgz",
      "integrity": "sha512-QtWAwUWYis/hbwgJ25naFujb1GfLiUG35zy//WMWvQ2cnAKD20orl30xfi8lhzDWjDsZJfc+026voOA9SZ+gJg==",
      "engines": {
        "node": ">=16.0.0"
      },
      "peerDependencies": {
        "@dicebear/core": "^7.0.0"
      }
    },
    "node_modules/@dicebear/pixel-art": {
      "version": "7.0.5",
      "resolved": "https://registry.npmjs.org/@dicebear/pixel-art/-/pixel-art-7.0.5.tgz",
      "integrity": "sha512-djKHhuNvhh8ZYqyO5yXfLn5hqKrXNTQmajXhTCNh5pIQ7woA6azzauUJ8h4HyeC3Lg1uFl8GfmlXCdZaNtMrUw==",
      "engines": {
        "node": ">=16.0.0"
      },
      "peerDependencies": {
        "@dicebear/core": "^7.0.0"
      }
    },
    "node_modules/@dicebear/pixel-art-neutral": {
      "version": "7.0.5",
      "resolved": "https://registry.npmjs.org/@dicebear/pixel-art-neutral/-/pixel-art-neutral-7.0.5.tgz",
      "integrity": "sha512-8vem63o0lGt7s2Ua+QWEQbQqcTShv18VlWZFNHe5tTtueSotYXNQIOknNThlhtp8P+rmGda18o06CtYboc8nLg==",
      "engines": {
        "node": ">=16.0.0"
      },
      "peerDependencies": {
        "@dicebear/core": "^7.0.0"
      }
    },
    "node_modules/@dicebear/rings": {
      "version": "7.0.5",
      "resolved": "https://registry.npmjs.org/@dicebear/rings/-/rings-7.0.5.tgz",
      "integrity": "sha512-6RUtwf3f/QFIHYGH1xQXSKvREqR0gyB99EaHnzbjwMJLy6kqJL7C/ygLaSizVz4Wn+VjG985VT700X138rA5aQ==",
      "engines": {
        "node": ">=16.0.0"
      },
      "peerDependencies": {
        "@dicebear/core": "^7.0.0"
      }
    },
    "node_modules/@dicebear/shapes": {
      "version": "7.0.5",
      "resolved": "https://registry.npmjs.org/@dicebear/shapes/-/shapes-7.0.5.tgz",
      "integrity": "sha512-/SZ5nkk5g4PModlkLw41CJNYMnDgW74zu8LmO1gJRRcLj5a+k8tmdN2UfcDvtBfUmDGlKEhB6fxMTlznDkRrsg==",
      "engines": {
        "node": ">=16.0.0"
      },
      "peerDependencies": {
        "@dicebear/core": "^7.0.0"
      }
    },
    "node_modules/@dicebear/thumbs": {
      "version": "7.0.5",
      "resolved": "https://registry.npmjs.org/@dicebear/thumbs/-/thumbs-7.0.5.tgz",
      "integrity": "sha512-+UowW3rH9WacYQP94qq4MU6Tuzgiux4aSkuytaBTAjFA87+FARf8b247wRBrSOQRnUCbjMRgQ/B7EFa4gLXYhg==",
      "engines": {
        "node": ">=16.0.0"
      },
      "peerDependencies": {
        "@dicebear/core": "^7.0.0"
      }
    },
    "node_modules/@isaacs/cliui": {
      "version": "8.0.2",
      "resolved": "https://registry.npmjs.org/@isaacs/cliui/-/cliui-8.0.2.tgz",
      "integrity": "sha512-O8jcjabXaleOG9DQ0+ARXWZBTfnP4WNAqzuiJK7ll44AmxGKv/J2M4TPjxjY3znBCfvBXFzucm1twdyFybFqEA==",
      "dependencies": {
        "string-width": "^5.1.2",
        "string-width-cjs": "npm:string-width@^4.2.0",
        "strip-ansi": "^7.0.1",
        "strip-ansi-cjs": "npm:strip-ansi@^6.0.1",
        "wrap-ansi": "^8.1.0",
        "wrap-ansi-cjs": "npm:wrap-ansi@^7.0.0"
      },
      "engines": {
        "node": ">=12"
      }
    },
    "node_modules/@pkgjs/parseargs": {
      "version": "0.11.0",
      "resolved": "https://registry.npmjs.org/@pkgjs/parseargs/-/parseargs-0.11.0.tgz",
      "integrity": "sha512-+1VkjdD0QBLPodGrJUeqarH8VAIvQODIbwh9XpP5Syisf7YoQgsJKPNFoqqLQlu+VQ/tVSshMR6loPMn8U+dPg==",
      "optional": true,
      "engines": {
        "node": ">=14"
      }
    },
    "node_modules/@types/json-schema": {
      "version": "7.0.15",
      "resolved": "https://registry.npmjs.org/@types/json-schema/-/json-schema-7.0.15.tgz",
      "integrity": "sha512-5+fP8P8MFNC+AyZCDxrB2pkZFPGzqQWUzpSeuuVLvm8VMcorNYavBqoFcxK8bQz4Qsbn4oUEEem4wDLfcysGHA=="
    },
    "node_modules/ansi-regex": {
      "version": "6.0.1",
      "resolved": "https://registry.npmjs.org/ansi-regex/-/ansi-regex-6.0.1.tgz",
      "integrity": "sha512-n5M855fKb2SsfMIiFFoVrABHJC8QtHwVx+mHWP3QcEqBHYienj5dHSgjbxtC0WEZXYt4wcD6zrQElDPhFuZgfA==",
      "engines": {
        "node": ">=12"
      },
      "funding": {
        "url": "https://github.com/chalk/ansi-regex?sponsor=1"
      }
    },
    "node_modules/ansi-styles": {
      "version": "6.2.1",
      "resolved": "https://registry.npmjs.org/ansi-styles/-/ansi-styles-6.2.1.tgz",
      "integrity": "sha512-bN798gFfQX+viw3R7yrGWRqnrN2oRkEkUjjl4JNn4E8GxxbjtG3FbrEIIY3l8/hrwUwIeCZvi4QuOTP4MErVug==",
      "engines": {
        "node": ">=12"
      },
      "funding": {
        "url": "https://github.com/chalk/ansi-styles?sponsor=1"
      }
    },
    "node_modules/balanced-match": {
      "version": "1.0.2",
      "resolved": "https://registry.npmjs.org/balanced-match/-/balanced-match-1.0.2.tgz",
      "integrity": "sha512-3oSeUO0TMV67hN1AmbXsK4yaqU7tjiHlbxRDZOpH0KW9+CeX4bRAaX0Anxt0tx2MrpRpWwQaPwIlISEJhYU5Pw=="
    },
    "node_modules/brace-expansion": {
      "version": "2.0.1",
      "resolved": "https://registry.npmjs.org/brace-expansion/-/brace-expansion-2.0.1.tgz",
      "integrity": "sha512-XnAIvQ8eM+kC6aULx6wuQiwVsnzsi9d3WxzV3FpWTGA19F621kwdbsAcFKXgKUHZWsy+mY6iL1sHTxWEFCytDA==",
      "dependencies": {
        "balanced-match": "^1.0.0"
      }
    },
    "node_modules/color-convert": {
      "version": "2.0.1",
      "resolved": "https://registry.npmjs.org/color-convert/-/color-convert-2.0.1.tgz",
      "integrity": "sha512-RRECPsj7iu/xb5oKYcsFHSppFNnsj/52OVTRKb4zP5onXwVF3zVmmToNcOfGC+CRDpfK/U584fMg38ZHCaElKQ==",
      "dependencies": {
        "color-name": "~1.1.4"
      },
      "engines": {
        "node": ">=7.0.0"
      }
    },
    "node_modules/color-name": {
      "version": "1.1.4",
      "resolved": "https://registry.npmjs.org/color-name/-/color-name-1.1.4.tgz",
      "integrity": "sha512-dOy+3AuW3a2wNbZHIuMZpTcgjGuLU/uBL/ubcZF9OXbDo8ff4O8yVp5Bf0efS8uEoYo5q4Fx7dY9OgQGXgAsQA=="
    },
    "node_modules/cross-spawn": {
      "version": "7.0.3",
      "resolved": "https://registry.npmjs.org/cross-spawn/-/cross-spawn-7.0.3.tgz",
      "integrity": "sha512-iRDPJKUPVEND7dHPO8rkbOnPpyDygcDFtWjpeWNCgy8WP2rXcxXL8TskReQl6OrB2G7+UJrags1q15Fudc7G6w==",
      "dependencies": {
        "path-key": "^3.1.0",
        "shebang-command": "^2.0.0",
        "which": "^2.0.1"
      },
      "engines": {
        "node": ">= 8"
      }
    },
    "node_modules/eastasianwidth": {
      "version": "0.2.0",
      "resolved": "https://registry.npmjs.org/eastasianwidth/-/eastasianwidth-0.2.0.tgz",
      "integrity": "sha512-I88TYZWc9XiYHRQ4/3c5rjjfgkjhLyW2luGIheGERbNQ6OY7yTybanSpDXZa8y7VUP9YmDcYa+eyq4ca7iLqWA=="
    },
    "node_modules/emoji-regex": {
      "version": "9.2.2",
      "resolved": "https://registry.npmjs.org/emoji-regex/-/emoji-regex-9.2.2.tgz",
      "integrity": "sha512-L18DaJsXSUk2+42pv8mLs5jJT2hqFkFE4j21wOmgbUqsZ2hL72NsUU785g9RXgo3s0ZNgVl42TiHp3ZtOv/Vyg=="
    },
    "node_modules/foreground-child": {
      "version": "3.1.1",
      "resolved": "https://registry.npmjs.org/foreground-child/-/foreground-child-3.1.1.tgz",
      "integrity": "sha512-TMKDUnIte6bfb5nWv7V/caI169OHgvwjb7V4WkeUvbQQdjr5rWKqHFiKWb/fcOwB+CzBT+qbWjvj+DVwRskpIg==",
      "dependencies": {
        "cross-spawn": "^7.0.0",
        "signal-exit": "^4.0.1"
      },
      "engines": {
        "node": ">=14"
      },
      "funding": {
        "url": "https://github.com/sponsors/isaacs"
      }
    },
    "node_modules/glob": {
      "version": "10.3.10",
      "resolved": "https://registry.npmjs.org/glob/-/glob-10.3.10.tgz",
      "integrity": "sha512-fa46+tv1Ak0UPK1TOy/pZrIybNNt4HCv7SDzwyfiOZkvZLEbjsZkJBPtDHVshZjbecAoAGSC20MjLDG/qr679g==",
      "dependencies": {
        "foreground-child": "^3.1.0",
        "jackspeak": "^2.3.5",
        "minimatch": "^9.0.1",
        "minipass": "^5.0.0 || ^6.0.2 || ^7.0.0",
        "path-scurry": "^1.10.1"
      },
      "bin": {
        "glob": "dist/esm/bin.mjs"
      },
      "engines": {
        "node": ">=16 || 14 >=14.17"
      },
      "funding": {
        "url": "https://github.com/sponsors/isaacs"
      }
    },
    "node_modules/is-fullwidth-code-point": {
      "version": "3.0.0",
      "resolved": "https://registry.npmjs.org/is-fullwidth-code-point/-/is-fullwidth-code-point-3.0.0.tgz",
      "integrity": "sha512-zymm5+u+sCsSWyD9qNaejV3DFvhCKclKdizYaJUuHA83RLjb7nSuGnddCHGv0hk+KY7BMAlsWeK4Ueg6EV6XQg==",
      "engines": {
        "node": ">=8"
      }
    },
    "node_modules/isexe": {
      "version": "2.0.0",
      "resolved": "https://registry.npmjs.org/isexe/-/isexe-2.0.0.tgz",
      "integrity": "sha512-RHxMLp9lnKHGHRng9QFhRCMbYAcVpn69smSGcq3f36xjgVVWThj4qqLbTLlq7Ssj8B+fIQ1EuCEGI2lKsyQeIw=="
    },
    "node_modules/jackspeak": {
      "version": "2.3.6",
      "resolved": "https://registry.npmjs.org/jackspeak/-/jackspeak-2.3.6.tgz",
      "integrity": "sha512-N3yCS/NegsOBokc8GAdM8UcmfsKiSS8cipheD/nivzr700H+nsMOxJjQnvwOcRYVuFkdH0wGUvW2WbXGmrZGbQ==",
      "dependencies": {
        "@isaacs/cliui": "^8.0.2"
      },
      "engines": {
        "node": ">=14"
      },
      "funding": {
        "url": "https://github.com/sponsors/isaacs"
      },
      "optionalDependencies": {
        "@pkgjs/parseargs": "^0.11.0"
      }
    },
    "node_modules/lru-cache": {
      "version": "10.2.0",
      "resolved": "https://registry.npmjs.org/lru-cache/-/lru-cache-10.2.0.tgz",
      "integrity": "sha512-2bIM8x+VAf6JT4bKAljS1qUWgMsqZRPGJS6FSahIMPVvctcNhyVp7AJu7quxOW9jwkryBReKZY5tY5JYv2n/7Q==",
      "engines": {
        "node": "14 || >=16.14"
      }
    },
    "node_modules/minimatch": {
      "version": "9.0.3",
      "resolved": "https://registry.npmjs.org/minimatch/-/minimatch-9.0.3.tgz",
      "integrity": "sha512-RHiac9mvaRw0x3AYRgDC1CxAP7HTcNrrECeA8YYJeWnpo+2Q5CegtZjaotWTWxDG3UeGA1coE05iH1mPjT/2mg==",
      "dependencies": {
        "brace-expansion": "^2.0.1"
      },
      "engines": {
        "node": ">=16 || 14 >=14.17"
      },
      "funding": {
        "url": "https://github.com/sponsors/isaacs"
      }
    },
    "node_modules/minipass": {
      "version": "7.0.4",
      "resolved": "https://registry.npmjs.org/minipass/-/minipass-7.0.4.tgz",
      "integrity": "sha512-jYofLM5Dam9279rdkWzqHozUo4ybjdZmCsDHePy5V/PbBcVMiSZR97gmAy45aqi8CK1lG2ECd356FU86avfwUQ==",
      "engines": {
        "node": ">=16 || 14 >=14.17"
      }
    },
    "node_modules/path-key": {
      "version": "3.1.1",
      "resolved": "https://registry.npmjs.org/path-key/-/path-key-3.1.1.tgz",
      "integrity": "sha512-ojmeN0qd+y0jszEtoY48r0Peq5dwMEkIlCOu6Q5f41lfkswXuKtYrhgoTpLnyIcHm24Uhqx+5Tqm2InSwLhE6Q==",
      "engines": {
        "node": ">=8"
      }
    },
    "node_modules/path-scurry": {
      "version": "1.10.1",
      "resolved": "https://registry.npmjs.org/path-scurry/-/path-scurry-1.10.1.tgz",
      "integrity": "sha512-MkhCqzzBEpPvxxQ71Md0b1Kk51W01lrYvlMzSUaIzNsODdd7mqhiimSZlr+VegAz5Z6Vzt9Xg2ttE//XBhH3EQ==",
      "dependencies": {
        "lru-cache": "^9.1.1 || ^10.0.0",
        "minipass": "^5.0.0 || ^6.0.2 || ^7.0.0"
      },
      "engines": {
        "node": ">=16 || 14 >=14.17"
      },
      "funding": {
        "url": "https://github.com/sponsors/isaacs"
      }
    },
    "node_modules/rimraf": {
      "version": "5.0.5",
      "resolved": "https://registry.npmjs.org/rimraf/-/rimraf-5.0.5.tgz",
      "integrity": "sha512-CqDakW+hMe/Bz202FPEymy68P+G50RfMQK+Qo5YUqc9SPipvbGjCGKd0RSKEelbsfQuw3g5NZDSrlZZAJurH1A==",
      "dependencies": {
        "glob": "^10.3.7"
      },
      "bin": {
        "rimraf": "dist/esm/bin.mjs"
      },
      "engines": {
        "node": ">=14"
      },
      "funding": {
        "url": "https://github.com/sponsors/isaacs"
      }
    },
    "node_modules/shebang-command": {
      "version": "2.0.0",
      "resolved": "https://registry.npmjs.org/shebang-command/-/shebang-command-2.0.0.tgz",
      "integrity": "sha512-kHxr2zZpYtdmrN1qDjrrX/Z1rR1kG8Dx+gkpK1G4eXmvXswmcE1hTWBWYUzlraYw1/yZp6YuDY77YtvbN0dmDA==",
      "dependencies": {
        "shebang-regex": "^3.0.0"
      },
      "engines": {
        "node": ">=8"
      }
    },
    "node_modules/shebang-regex": {
      "version": "3.0.0",
      "resolved": "https://registry.npmjs.org/shebang-regex/-/shebang-regex-3.0.0.tgz",
      "integrity": "sha512-7++dFhtcx3353uBaq8DDR4NuxBetBzC7ZQOhmTQInHEd6bSrXdiEyzCvG07Z44UYdLShWUyXt5M/yhz8ekcb1A==",
      "engines": {
        "node": ">=8"
      }
    },
    "node_modules/signal-exit": {
      "version": "4.1.0",
      "resolved": "https://registry.npmjs.org/signal-exit/-/signal-exit-4.1.0.tgz",
      "integrity": "sha512-bzyZ1e88w9O1iNJbKnOlvYTrWPDl46O1bG0D3XInv+9tkPrxrN8jUUTiFlDkkmKWgn1M6CfIA13SuGqOa9Korw==",
      "engines": {
        "node": ">=14"
      },
      "funding": {
        "url": "https://github.com/sponsors/isaacs"
      }
    },
    "node_modules/string-width": {
      "version": "5.1.2",
      "resolved": "https://registry.npmjs.org/string-width/-/string-width-5.1.2.tgz",
      "integrity": "sha512-HnLOCR3vjcY8beoNLtcjZ5/nxn2afmME6lhrDrebokqMap+XbeW8n9TXpPDOqdGK5qcI3oT0GKTW6wC7EMiVqA==",
      "dependencies": {
        "eastasianwidth": "^0.2.0",
        "emoji-regex": "^9.2.2",
        "strip-ansi": "^7.0.1"
      },
      "engines": {
        "node": ">=12"
      },
      "funding": {
        "url": "https://github.com/sponsors/sindresorhus"
      }
    },
    "node_modules/string-width-cjs": {
      "name": "string-width",
      "version": "4.2.3",
      "resolved": "https://registry.npmjs.org/string-width/-/string-width-4.2.3.tgz",
      "integrity": "sha512-wKyQRQpjJ0sIp62ErSZdGsjMJWsap5oRNihHhu6G7JVO/9jIB6UyevL+tXuOqrng8j/cxKTWyWUwvSTriiZz/g==",
      "dependencies": {
        "emoji-regex": "^8.0.0",
        "is-fullwidth-code-point": "^3.0.0",
        "strip-ansi": "^6.0.1"
      },
      "engines": {
        "node": ">=8"
      }
    },
    "node_modules/string-width-cjs/node_modules/ansi-regex": {
      "version": "5.0.1",
      "resolved": "https://registry.npmjs.org/ansi-regex/-/ansi-regex-5.0.1.tgz",
      "integrity": "sha512-quJQXlTSUGL2LH9SUXo8VwsY4soanhgo6LNSm84E1LBcE8s3O0wpdiRzyR9z/ZZJMlMWv37qOOb9pdJlMUEKFQ==",
      "engines": {
        "node": ">=8"
      }
    },
    "node_modules/string-width-cjs/node_modules/emoji-regex": {
      "version": "8.0.0",
      "resolved": "https://registry.npmjs.org/emoji-regex/-/emoji-regex-8.0.0.tgz",
      "integrity": "sha512-MSjYzcWNOA0ewAHpz0MxpYFvwg6yjy1NG3xteoqz644VCo/RPgnr1/GGt+ic3iJTzQ8Eu3TdM14SawnVUmGE6A=="
    },
    "node_modules/string-width-cjs/node_modules/strip-ansi": {
      "version": "6.0.1",
      "resolved": "https://registry.npmjs.org/strip-ansi/-/strip-ansi-6.0.1.tgz",
      "integrity": "sha512-Y38VPSHcqkFrCpFnQ9vuSXmquuv5oXOKpGeT6aGrr3o3Gc9AlVa6JBfUSOCnbxGGZF+/0ooI7KrPuUSztUdU5A==",
      "dependencies": {
        "ansi-regex": "^5.0.1"
      },
      "engines": {
        "node": ">=8"
      }
    },
    "node_modules/strip-ansi": {
      "version": "7.1.0",
      "resolved": "https://registry.npmjs.org/strip-ansi/-/strip-ansi-7.1.0.tgz",
      "integrity": "sha512-iq6eVVI64nQQTRYq2KtEg2d2uU7LElhTJwsH4YzIHZshxlgZms/wIc4VoDQTlG/IvVIrBKG06CrZnp0qv7hkcQ==",
      "dependencies": {
        "ansi-regex": "^6.0.1"
      },
      "engines": {
        "node": ">=12"
      },
      "funding": {
        "url": "https://github.com/chalk/strip-ansi?sponsor=1"
      }
    },
    "node_modules/strip-ansi-cjs": {
      "name": "strip-ansi",
      "version": "6.0.1",
      "resolved": "https://registry.npmjs.org/strip-ansi/-/strip-ansi-6.0.1.tgz",
      "integrity": "sha512-Y38VPSHcqkFrCpFnQ9vuSXmquuv5oXOKpGeT6aGrr3o3Gc9AlVa6JBfUSOCnbxGGZF+/0ooI7KrPuUSztUdU5A==",
      "dependencies": {
        "ansi-regex": "^5.0.1"
      },
      "engines": {
        "node": ">=8"
      }
    },
    "node_modules/strip-ansi-cjs/node_modules/ansi-regex": {
      "version": "5.0.1",
      "resolved": "https://registry.npmjs.org/ansi-regex/-/ansi-regex-5.0.1.tgz",
      "integrity": "sha512-quJQXlTSUGL2LH9SUXo8VwsY4soanhgo6LNSm84E1LBcE8s3O0wpdiRzyR9z/ZZJMlMWv37qOOb9pdJlMUEKFQ==",
      "engines": {
        "node": ">=8"
      }
    },
    "node_modules/tmp": {
      "version": "0.2.2",
      "resolved": "https://registry.npmjs.org/tmp/-/tmp-0.2.2.tgz",
      "integrity": "sha512-ETcvHhaIc9J2MDEAH6N67j9bvBvu/3Gb764qaGhwtFvjtvhegqoqSpofgeyq1Sc24mW5pdyUDs9HP5j3ehkxRw==",
      "dependencies": {
        "rimraf": "^5.0.5"
      },
      "engines": {
        "node": ">=14"
      }
    },
    "node_modules/tmp-promise": {
      "version": "3.0.3",
      "resolved": "https://registry.npmjs.org/tmp-promise/-/tmp-promise-3.0.3.tgz",
      "integrity": "sha512-RwM7MoPojPxsOBYnyd2hy0bxtIlVrihNs9pj5SUvY8Zz1sQcQG2tG1hSr8PDxfgEB8RNKDhqbIlroIarSNDNsQ==",
      "dependencies": {
        "tmp": "^0.2.0"
      }
    },
    "node_modules/which": {
      "version": "2.0.2",
      "resolved": "https://registry.npmjs.org/which/-/which-2.0.2.tgz",
      "integrity": "sha512-BLI3Tl1TW3Pvl70l3yq3Y64i+awpwXqsGBYWkkqMtnbXgrMD+yj7rhW0kuEDxzJaYXGjEW5ogapKNMEKNMjibA==",
      "dependencies": {
        "isexe": "^2.0.0"
      },
      "bin": {
        "node-which": "bin/node-which"
      },
      "engines": {
        "node": ">= 8"
      }
    },
    "node_modules/wrap-ansi": {
      "version": "8.1.0",
      "resolved": "https://registry.npmjs.org/wrap-ansi/-/wrap-ansi-8.1.0.tgz",
      "integrity": "sha512-si7QWI6zUMq56bESFvagtmzMdGOtoxfR+Sez11Mobfc7tm+VkUckk9bW2UeffTGVUbOksxmSw0AA2gs8g71NCQ==",
      "dependencies": {
        "ansi-styles": "^6.1.0",
        "string-width": "^5.0.1",
        "strip-ansi": "^7.0.1"
      },
      "engines": {
        "node": ">=12"
      },
      "funding": {
        "url": "https://github.com/chalk/wrap-ansi?sponsor=1"
      }
    },
    "node_modules/wrap-ansi-cjs": {
      "name": "wrap-ansi",
      "version": "7.0.0",
      "resolved": "https://registry.npmjs.org/wrap-ansi/-/wrap-ansi-7.0.0.tgz",
      "integrity": "sha512-YVGIj2kamLSTxw6NsZjoBxfSwsn0ycdesmc4p+Q21c5zPuZ1pl+NfxVdxPtdHvmNVOQ6XSYG4AUtyt/Fi7D16Q==",
      "dependencies": {
        "ansi-styles": "^4.0.0",
        "string-width": "^4.1.0",
        "strip-ansi": "^6.0.0"
      },
      "engines": {
        "node": ">=10"
      },
      "funding": {
        "url": "https://github.com/chalk/wrap-ansi?sponsor=1"
      }
    },
    "node_modules/wrap-ansi-cjs/node_modules/ansi-regex": {
      "version": "5.0.1",
      "resolved": "https://registry.npmjs.org/ansi-regex/-/ansi-regex-5.0.1.tgz",
      "integrity": "sha512-quJQXlTSUGL2LH9SUXo8VwsY4soanhgo6LNSm84E1LBcE8s3O0wpdiRzyR9z/ZZJMlMWv37qOOb9pdJlMUEKFQ==",
      "engines": {
        "node": ">=8"
      }
    },
    "node_modules/wrap-ansi-cjs/node_modules/ansi-styles": {
      "version": "4.3.0",
      "resolved": "https://registry.npmjs.org/ansi-styles/-/ansi-styles-4.3.0.tgz",
      "integrity": "sha512-zbB9rCJAT1rbjiVDb2hqKFHNYLxgtk8NURxZ3IZwD3F6NtxbXZQCnnSi1Lkx+IDohdPlFp222wVALIheZJQSEg==",
      "dependencies": {
        "color-convert": "^2.0.1"
      },
      "engines": {
        "node": ">=8"
      },
      "funding": {
        "url": "https://github.com/chalk/ansi-styles?sponsor=1"
      }
    },
    "node_modules/wrap-ansi-cjs/node_modules/emoji-regex": {
      "version": "8.0.0",
      "resolved": "https://registry.npmjs.org/emoji-regex/-/emoji-regex-8.0.0.tgz",
      "integrity": "sha512-MSjYzcWNOA0ewAHpz0MxpYFvwg6yjy1NG3xteoqz644VCo/RPgnr1/GGt+ic3iJTzQ8Eu3TdM14SawnVUmGE6A=="
    },
    "node_modules/wrap-ansi-cjs/node_modules/string-width": {
      "version": "4.2.3",
      "resolved": "https://registry.npmjs.org/string-width/-/string-width-4.2.3.tgz",
      "integrity": "sha512-wKyQRQpjJ0sIp62ErSZdGsjMJWsap5oRNihHhu6G7JVO/9jIB6UyevL+tXuOqrng8j/cxKTWyWUwvSTriiZz/g==",
      "dependencies": {
        "emoji-regex": "^8.0.0",
        "is-fullwidth-code-point": "^3.0.0",
        "strip-ansi": "^6.0.1"
      },
      "engines": {
        "node": ">=8"
      }
    },
    "node_modules/wrap-ansi-cjs/node_modules/strip-ansi": {
      "version": "6.0.1",
      "resolved": "https://registry.npmjs.org/strip-ansi/-/strip-ansi-6.0.1.tgz",
      "integrity": "sha512-Y38VPSHcqkFrCpFnQ9vuSXmquuv5oXOKpGeT6aGrr3o3Gc9AlVa6JBfUSOCnbxGGZF+/0ooI7KrPuUSztUdU5A==",
      "dependencies": {
        "ansi-regex": "^5.0.1"
      },
      "engines": {
        "node": ">=8"
      }
    }
  }
}
